
Microsoft Visual Studio Solution File, Format Version 12.00
# Visual Studio 15
VisualStudioVersion = 15.0.28307.960
MinimumVisualStudioVersion = 10.0.40219.1
Project("{2150E333-8FDC-42A3-9474-1A3956D46DE8}") = "Application", "Application", "{B607E252-0202-478E-8E5D-90ECBEA057D8}"
EndProject
Project("{2150E333-8FDC-42A3-9474-1A3956D46DE8}") = "Domain", "Domain", "{E27D512D-9529-4824-BFDC-C1C636581E65}"
EndProject
Project("{2150E333-8FDC-42A3-9474-1A3956D46DE8}") = "Infra.IoC", "Infra.IoC", "{EE9D80E6-EAA9-47E5-A663-E229BD87AEC5}"
EndProject
Project("{2150E333-8FDC-42A3-9474-1A3956D46DE8}") = "Infra.Data", "Infra.Data", "{4A18C8B9-9B6C-4080-8738-A52B721C65C9}"
EndProject
Project("{2150E333-8FDC-42A3-9474-1A3956D46DE8}") = "Presentation", "Presentation", "{F966E17A-DDFC-4E45-A6A4-4B3EB83E79F8}"
EndProject
Project("{9A19103F-16F7-4668-BE54-9A1E7A4F7556}") = "CleanArch.mvc", "CleanArch.mvc\CleanArch.mvc.csproj", "{C6903831-7008-4702-99B8-BF08A5756E4D}"
EndProject
Project("{9A19103F-16F7-4668-BE54-9A1E7A4F7556}") = "CleanArch.Domain", "CleanArch.Domain\CleanArch.Domain.csproj", "{71B9D015-C496-424E-A28A-F19C29F97BFE}"
EndProject
Project("{9A19103F-16F7-4668-BE54-9A1E7A4F7556}") = "CleanArch.Infra.Data", "CleanArch.Infra.Data\CleanArch.Infra.Data.csproj", "{D99B3B2F-8925-46C5-A8C7-8ABF7E7290D5}"
EndProject
Project("{9A19103F-16F7-4668-BE54-9A1E7A4F7556}") = "CleanArch.Applicaation", "CleanArch.Applicaation\CleanArch.Applicaation.csproj", "{1E0BE4F6-EAFF-4F1F-B3D5-45625EFEA824}"
EndProject
Project("{9A19103F-16F7-4668-BE54-9A1E7A4F7556}") = "CleanArch.Infra.IoC", "CleanArch.Infra.IoC\CleanArch.Infra.IoC.csproj", "{184E5037-DC67-4814-B69B-116D4AA87FE2}"
EndProject
Project("{2150E333-8FDC-42A3-9474-1A3956D46DE8}") = "Infra.Bus", "Infra.Bus", "{E7AE8223-BFCA-4207-B02D-68637197A661}"
EndProject
Project("{2150E333-8FDC-42A3-9474-1A3956D46DE8}") = "API", "API", "{2F1749AA-838B-4D5F-B290-27E09D8E31C3}"
EndProject
Global
	GlobalSection(SolutionConfigurationPlatforms) = preSolution
		Debug|Any CPU = Debug|Any CPU
		Release|Any CPU = Release|Any CPU
	EndGlobalSection
	GlobalSection(ProjectConfigurationPlatforms) = postSolution
		{C6903831-7008-4702-99B8-BF08A5756E4D}.Debug|Any CPU.ActiveCfg = Debug|Any CPU
		{C6903831-7008-4702-99B8-BF08A5756E4D}.Debug|Any CPU.Build.0 = Debug|Any CPU
		{C6903831-7008-4702-99B8-BF08A5756E4D}.Release|Any CPU.ActiveCfg = Debug|Any CPU
		{C6903831-7008-4702-99B8-BF08A5756E4D}.Release|Any CPU.Build.0 = Debug|Any CPU
		{71B9D015-C496-424E-A28A-F19C29F97BFE}.Debug|Any CPU.ActiveCfg = Debug|Any CPU
		{71B9D015-C496-424E-A28A-F19C29F97BFE}.Debug|Any CPU.Build.0 = Debug|Any CPU
		{71B9D015-C496-424E-A28A-F19C29F97BFE}.Release|Any CPU.ActiveCfg = Debug|Any CPU
		{71B9D015-C496-424E-A28A-F19C29F97BFE}.Release|Any CPU.Build.0 = Debug|Any CPU
		{D99B3B2F-8925-46C5-A8C7-8ABF7E7290D5}.Debug|Any CPU.ActiveCfg = Debug|Any CPU
		{D99B3B2F-8925-46C5-A8C7-8ABF7E7290D5}.Debug|Any CPU.Build.0 = Debug|Any CPU
		{D99B3B2F-8925-46C5-A8C7-8ABF7E7290D5}.Release|Any CPU.ActiveCfg = Release|Any CPU
		{D99B3B2F-8925-46C5-A8C7-8ABF7E7290D5}.Release|Any CPU.Build.0 = Release|Any CPU
		{1E0BE4F6-EAFF-4F1F-B3D5-45625EFEA824}.Debug|Any CPU.ActiveCfg = Debug|Any CPU
		{1E0BE4F6-EAFF-4F1F-B3D5-45625EFEA824}.Debug|Any CPU.Build.0 = Debug|Any CPU
		{1E0BE4F6-EAFF-4F1F-B3D5-45625EFEA824}.Release|Any CPU.ActiveCfg = Release|Any CPU
		{1E0BE4F6-EAFF-4F1F-B3D5-45625EFEA824}.Release|Any CPU.Build.0 = Release|Any CPU
		{184E5037-DC67-4814-B69B-116D4AA87FE2}.Debug|Any CPU.ActiveCfg = Debug|Any CPU
		{184E5037-DC67-4814-B69B-116D4AA87FE2}.Debug|Any CPU.Build.0 = Debug|Any CPU
		{184E5037-DC67-4814-B69B-116D4AA87FE2}.Release|Any CPU.ActiveCfg = Release|Any CPU
		{184E5037-DC67-4814-B69B-116D4AA87FE2}.Release|Any CPU.Build.0 = Release|Any CPU
	EndGlobalSection
	GlobalSection(SolutionProperties) = preSolution
		HideSolutionNode = FALSE
	EndGlobalSection
	GlobalSection(NestedProjects) = preSolution
		{C6903831-7008-4702-99B8-BF08A5756E4D} = {F966E17A-DDFC-4E45-A6A4-4B3EB83E79F8}
		{71B9D015-C496-424E-A28A-F19C29F97BFE} = {E27D512D-9529-4824-BFDC-C1C636581E65}
		{D99B3B2F-8925-46C5-A8C7-8ABF7E7290D5} = {4A18C8B9-9B6C-4080-8738-A52B721C65C9}
		{1E0BE4F6-EAFF-4F1F-B3D5-45625EFEA824} = {B607E252-0202-478E-8E5D-90ECBEA057D8}
		{184E5037-DC67-4814-B69B-116D4AA87FE2} = {EE9D80E6-EAA9-47E5-A663-E229BD87AEC5}
	EndGlobalSection
	GlobalSection(ExtensibilityGlobals) = postSolution
		SolutionGuid = {7776CC93-C231-4501-943B-F7DD7D4AF2F2}
	EndGlobalSection
EndGlobal
